
Microsoft Visual Studio Solution File, Format Version 12.00
# Visual Studio Version 17
VisualStudioVersion = 17.9.34728.123
MinimumVisualStudioVersion = 10.0.40219.1
Project("{FAE04EC0-301F-11D3-BF4B-00C04F79EFBC}") = "ConditionalStatements", "ConditionalStatements.csproj", "{AF59235B-8D11-4BAC-8699-23E7E7DB1D86}"
EndProject
Global
	GlobalSection(SolutionConfigurationPlatforms) = preSolution
		Debug|Any CPU = Debug|Any CPU
		Release|Any CPU = Release|Any CPU
	EndGlobalSection
	GlobalSection(ProjectConfigurationPlatforms) = postSolution
		{AF59235B-8D11-4BAC-8699-23E7E7DB1D86}.Debug|Any CPU.ActiveCfg = Debug|Any CPU
		{AF59235B-8D11-4BAC-8699-23E7E7DB1D86}.Debug|Any CPU.Build.0 = Debug|Any CPU
		{AF59235B-8D11-4BAC-8699-23E7E7DB1D86}.Release|Any CPU.ActiveCfg = Release|Any CPU
		{AF59235B-8D11-4BAC-8699-23E7E7DB1D86}.Release|Any CPU.Build.0 = Release|Any CPU
	EndGlobalSection
	GlobalSection(SolutionProperties) = preSolution
		HideSolutionNode = FALSE
	EndGlobalSection
	GlobalSection(ExtensibilityGlobals) = postSolution
		SolutionGuid = {58C0A229-6E8D-4720-82A4-BB0C11351C9E}
	EndGlobalSection
EndGlobal
